
Microsoft Visual Studio Solution File, Format Version 12.00
# Visual Studio Version 17
VisualStudioVersion = 17.11.35327.3
MinimumVisualStudioVersion = 10.0.40219.1
Project("{FAE04EC0-301F-11D3-BF4B-00C04F79EFBC}") = "TaskDemonstration04", "TaskDemonstration04.csproj", "{00AFD3E6-51BD-4F23-8393-D37462401CC6}"
EndProject
Global
	GlobalSection(SolutionConfigurationPlatforms) = preSolution
		Debug|Any CPU = Debug|Any CPU
		Release|Any CPU = Release|Any CPU
	EndGlobalSection
	GlobalSection(ProjectConfigurationPlatforms) = postSolution
		{00AFD3E6-51BD-4F23-8393-D37462401CC6}.Debug|Any CPU.ActiveCfg = Debug|Any CPU
		{00AFD3E6-51BD-4F23-8393-D37462401CC6}.Debug|Any CPU.Build.0 = Debug|Any CPU
		{00AFD3E6-51BD-4F23-8393-D37462401CC6}.Release|Any CPU.ActiveCfg = Release|Any CPU
		{00AFD3E6-51BD-4F23-8393-D37462401CC6}.Release|Any CPU.Build.0 = Release|Any CPU
	EndGlobalSection
	GlobalSection(SolutionProperties) = preSolution
		HideSolutionNode = FALSE
	EndGlobalSection
	GlobalSection(ExtensibilityGlobals) = postSolution
		SolutionGuid = {2D9402B1-DA46-4543-9B57-1EF2734242E2}
	EndGlobalSection
EndGlobal
