
Microsoft Visual Studio Solution File, Format Version 12.00
# Visual Studio Version 17
VisualStudioVersion = 17.11.35327.3
MinimumVisualStudioVersion = 10.0.40219.1
Project("{9A19103F-16F7-4668-BE54-9A1E7A4F7556}") = "ScriptsForPRN222", "ScriptsForPRN222.csproj", "{EBE48B92-A557-4FB1-BA2B-AACE9A5CBE96}"
EndProject
Project("{FAE04EC0-301F-11D3-BF4B-00C04F79EFBC}") = "HttpClientClassDemo01", "..\HttpClientClassDemo01\HttpClientClassDemo01.csproj", "{024AA020-96E8-4D65-A0BC-303FF0BAEB37}"
EndProject
Project("{FAE04EC0-301F-11D3-BF4B-00C04F79EFBC}") = "ClientDemo01", "..\ClientDemo01\ClientDemo01.csproj", "{BF5122D9-AAAF-4E81-A979-9CF43AF98FC8}"
EndProject
Project("{FAE04EC0-301F-11D3-BF4B-00C04F79EFBC}") = "ServerDemo01", "..\ServerDemo01\ServerDemo01.csproj", "{753815C3-CF90-49C4-890F-5ECAF89C81E3}"
EndProject
Global
	GlobalSection(SolutionConfigurationPlatforms) = preSolution
		Debug|Any CPU = Debug|Any CPU
		Release|Any CPU = Release|Any CPU
	EndGlobalSection
	GlobalSection(ProjectConfigurationPlatforms) = postSolution
		{EBE48B92-A557-4FB1-BA2B-AACE9A5CBE96}.Debug|Any CPU.ActiveCfg = Debug|Any CPU
		{EBE48B92-A557-4FB1-BA2B-AACE9A5CBE96}.Debug|Any CPU.Build.0 = Debug|Any CPU
		{EBE48B92-A557-4FB1-BA2B-AACE9A5CBE96}.Release|Any CPU.ActiveCfg = Release|Any CPU
		{EBE48B92-A557-4FB1-BA2B-AACE9A5CBE96}.Release|Any CPU.Build.0 = Release|Any CPU
		{024AA020-96E8-4D65-A0BC-303FF0BAEB37}.Debug|Any CPU.ActiveCfg = Debug|Any CPU
		{024AA020-96E8-4D65-A0BC-303FF0BAEB37}.Debug|Any CPU.Build.0 = Debug|Any CPU
		{024AA020-96E8-4D65-A0BC-303FF0BAEB37}.Release|Any CPU.ActiveCfg = Release|Any CPU
		{024AA020-96E8-4D65-A0BC-303FF0BAEB37}.Release|Any CPU.Build.0 = Release|Any CPU
		{BF5122D9-AAAF-4E81-A979-9CF43AF98FC8}.Debug|Any CPU.ActiveCfg = Debug|Any CPU
		{BF5122D9-AAAF-4E81-A979-9CF43AF98FC8}.Debug|Any CPU.Build.0 = Debug|Any CPU
		{BF5122D9-AAAF-4E81-A979-9CF43AF98FC8}.Release|Any CPU.ActiveCfg = Release|Any CPU
		{BF5122D9-AAAF-4E81-A979-9CF43AF98FC8}.Release|Any CPU.Build.0 = Release|Any CPU
		{753815C3-CF90-49C4-890F-5ECAF89C81E3}.Debug|Any CPU.ActiveCfg = Debug|Any CPU
		{753815C3-CF90-49C4-890F-5ECAF89C81E3}.Debug|Any CPU.Build.0 = Debug|Any CPU
		{753815C3-CF90-49C4-890F-5ECAF89C81E3}.Release|Any CPU.ActiveCfg = Release|Any CPU
		{753815C3-CF90-49C4-890F-5ECAF89C81E3}.Release|Any CPU.Build.0 = Release|Any CPU
	EndGlobalSection
	GlobalSection(SolutionProperties) = preSolution
		HideSolutionNode = FALSE
	EndGlobalSection
	GlobalSection(ExtensibilityGlobals) = postSolution
		SolutionGuid = {A1365488-62F3-4581-B0AF-009206D5B196}
	EndGlobalSection
EndGlobal
