
Microsoft Visual Studio Solution File, Format Version 12.00
# Visual Studio Version 17
VisualStudioVersion = 17.11.35327.3
MinimumVisualStudioVersion = 10.0.40219.1
Project("{FAE04EC0-301F-11D3-BF4B-00C04F79EFBC}") = "SOLIDPrincipleDemo", "SOLIDPrincipleDemo.csproj", "{3251CB67-3A98-4FEA-AF49-4246B16DC895}"
EndProject
Project("{FAE04EC0-301F-11D3-BF4B-00C04F79EFBC}") = "SingleResponsibilityPrincipleDemo", "..\SingleResponsibilityPrincipleDemo\SingleResponsibilityPrincipleDemo.csproj", "{B07A6127-2F6A-4FB4-8B55-EE508C29F921}"
EndProject
Project("{FAE04EC0-301F-11D3-BF4B-00C04F79EFBC}") = "OpenClosedPrincipleDemo", "..\OpenClosedPrincipleDemo\OpenClosedPrincipleDemo.csproj", "{97E7F16F-1560-4D68-A28C-8BF29545C80C}"
EndProject
Project("{FAE04EC0-301F-11D3-BF4B-00C04F79EFBC}") = "LiskovSubstitutionPrincipleDemo", "..\LiskovSubstitutionPrincipleDemo\LiskovSubstitutionPrincipleDemo.csproj", "{B9997DFA-A21F-490A-9746-BE0314D8C1D5}"
EndProject
Project("{FAE04EC0-301F-11D3-BF4B-00C04F79EFBC}") = "InterfaceSegregationPrincipleDemo", "..\InterfaceSegregationPrincipleDemo\InterfaceSegregationPrincipleDemo.csproj", "{7F5D7F7F-B086-45AF-AB7E-252B0523D2DA}"
EndProject
Global
	GlobalSection(SolutionConfigurationPlatforms) = preSolution
		Debug|Any CPU = Debug|Any CPU
		Release|Any CPU = Release|Any CPU
	EndGlobalSection
	GlobalSection(ProjectConfigurationPlatforms) = postSolution
		{3251CB67-3A98-4FEA-AF49-4246B16DC895}.Debug|Any CPU.ActiveCfg = Debug|Any CPU
		{3251CB67-3A98-4FEA-AF49-4246B16DC895}.Debug|Any CPU.Build.0 = Debug|Any CPU
		{3251CB67-3A98-4FEA-AF49-4246B16DC895}.Release|Any CPU.ActiveCfg = Release|Any CPU
		{3251CB67-3A98-4FEA-AF49-4246B16DC895}.Release|Any CPU.Build.0 = Release|Any CPU
		{B07A6127-2F6A-4FB4-8B55-EE508C29F921}.Debug|Any CPU.ActiveCfg = Debug|Any CPU
		{B07A6127-2F6A-4FB4-8B55-EE508C29F921}.Debug|Any CPU.Build.0 = Debug|Any CPU
		{B07A6127-2F6A-4FB4-8B55-EE508C29F921}.Release|Any CPU.ActiveCfg = Release|Any CPU
		{B07A6127-2F6A-4FB4-8B55-EE508C29F921}.Release|Any CPU.Build.0 = Release|Any CPU
		{97E7F16F-1560-4D68-A28C-8BF29545C80C}.Debug|Any CPU.ActiveCfg = Debug|Any CPU
		{97E7F16F-1560-4D68-A28C-8BF29545C80C}.Debug|Any CPU.Build.0 = Debug|Any CPU
		{97E7F16F-1560-4D68-A28C-8BF29545C80C}.Release|Any CPU.ActiveCfg = Release|Any CPU
		{97E7F16F-1560-4D68-A28C-8BF29545C80C}.Release|Any CPU.Build.0 = Release|Any CPU
		{B9997DFA-A21F-490A-9746-BE0314D8C1D5}.Debug|Any CPU.ActiveCfg = Debug|Any CPU
		{B9997DFA-A21F-490A-9746-BE0314D8C1D5}.Debug|Any CPU.Build.0 = Debug|Any CPU
		{B9997DFA-A21F-490A-9746-BE0314D8C1D5}.Release|Any CPU.ActiveCfg = Release|Any CPU
		{B9997DFA-A21F-490A-9746-BE0314D8C1D5}.Release|Any CPU.Build.0 = Release|Any CPU
		{7F5D7F7F-B086-45AF-AB7E-252B0523D2DA}.Debug|Any CPU.ActiveCfg = Debug|Any CPU
		{7F5D7F7F-B086-45AF-AB7E-252B0523D2DA}.Debug|Any CPU.Build.0 = Debug|Any CPU
		{7F5D7F7F-B086-45AF-AB7E-252B0523D2DA}.Release|Any CPU.ActiveCfg = Release|Any CPU
		{7F5D7F7F-B086-45AF-AB7E-252B0523D2DA}.Release|Any CPU.Build.0 = Release|Any CPU
	EndGlobalSection
	GlobalSection(SolutionProperties) = preSolution
		HideSolutionNode = FALSE
	EndGlobalSection
	GlobalSection(ExtensibilityGlobals) = postSolution
		SolutionGuid = {41E2A757-C0B3-423E-85AC-F20109D90A15}
	EndGlobalSection
EndGlobal
