
Microsoft Visual Studio Solution File, Format Version 12.00
# Visual Studio Version 17
VisualStudioVersion = 17.11.35327.3
MinimumVisualStudioVersion = 10.0.40219.1
Project("{FAE04EC0-301F-11D3-BF4B-00C04F79EFBC}") = "SignalRSimple", "SignalRSimple.csproj", "{DF58056C-DA49-4743-9043-E32C6811BAEF}"
EndProject
Global
	GlobalSection(SolutionConfigurationPlatforms) = preSolution
		Debug|Any CPU = Debug|Any CPU
		Release|Any CPU = Release|Any CPU
	EndGlobalSection
	GlobalSection(ProjectConfigurationPlatforms) = postSolution
		{DF58056C-DA49-4743-9043-E32C6811BAEF}.Debug|Any CPU.ActiveCfg = Debug|Any CPU
		{DF58056C-DA49-4743-9043-E32C6811BAEF}.Debug|Any CPU.Build.0 = Debug|Any CPU
		{DF58056C-DA49-4743-9043-E32C6811BAEF}.Release|Any CPU.ActiveCfg = Release|Any CPU
		{DF58056C-DA49-4743-9043-E32C6811BAEF}.Release|Any CPU.Build.0 = Release|Any CPU
	EndGlobalSection
	GlobalSection(SolutionProperties) = preSolution
		HideSolutionNode = FALSE
	EndGlobalSection
	GlobalSection(ExtensibilityGlobals) = postSolution
		SolutionGuid = {FD2D7EE3-C543-4AAC-B64A-38E767CD13FE}
	EndGlobalSection
EndGlobal
