
Microsoft Visual Studio Solution File, Format Version 12.00
# Visual Studio Version 17
VisualStudioVersion = 17.11.35327.3
MinimumVisualStudioVersion = 10.0.40219.1
Project("{9A19103F-16F7-4668-BE54-9A1E7A4F7556}") = "Assignment01-NewsManagementSystem", "Assignment01-NewsManagementSystem.csproj", "{42F6679B-A497-4491-8A63-3ED7D21673B6}"
EndProject
Global
	GlobalSection(SolutionConfigurationPlatforms) = preSolution
		Debug|Any CPU = Debug|Any CPU
		Release|Any CPU = Release|Any CPU
	EndGlobalSection
	GlobalSection(ProjectConfigurationPlatforms) = postSolution
		{42F6679B-A497-4491-8A63-3ED7D21673B6}.Debug|Any CPU.ActiveCfg = Debug|Any CPU
		{42F6679B-A497-4491-8A63-3ED7D21673B6}.Debug|Any CPU.Build.0 = Debug|Any CPU
		{42F6679B-A497-4491-8A63-3ED7D21673B6}.Release|Any CPU.ActiveCfg = Release|Any CPU
		{42F6679B-A497-4491-8A63-3ED7D21673B6}.Release|Any CPU.Build.0 = Release|Any CPU
	EndGlobalSection
	GlobalSection(SolutionProperties) = preSolution
		HideSolutionNode = FALSE
	EndGlobalSection
	GlobalSection(ExtensibilityGlobals) = postSolution
		SolutionGuid = {04D556D7-D307-4BD9-84F7-D7149D1D8055}
	EndGlobalSection
EndGlobal
